// !$*UTF8*$!
{
	archiveVersion = 1;
	classes = {
	};
	objectVersion = 56;
	objects = {

/* Begin PBXBuildFile section */
		840E4B212C208C6000B06B20 /* NRT_in_C5App.swift in Sources */ = {isa = PBXBuildFile; fileRef = 840E4B202C208C6000B06B20 /* NRT_in_C5App.swift */; };
		840E4B232C208C6000B06B20 /* ContentView.swift in Sources */ = {isa = PBXBuildFile; fileRef = 840E4B222C208C6000B06B20 /* ContentView.swift */; };
		840E4B252C208C6000B06B20 /* Item.swift in Sources */ = {isa = PBXBuildFile; fileRef = 840E4B242C208C6000B06B20 /* Item.swift */; };
		840E4B272C208C6200B06B20 /* Assets.xcassets in Resources */ = {isa = PBXBuildFile; fileRef = 840E4B262C208C6200B06B20 /* Assets.xcassets */; };
		840E4B2A2C208C6200B06B20 /* Preview Assets.xcassets in Resources */ = {isa = PBXBuildFile; fileRef = 840E4B292C208C6200B06B20 /* Preview Assets.xcassets */; };
		840E4B342C208C6200B06B20 /* NRT_in_C5Tests.swift in Sources */ = {isa = PBXBuildFile; fileRef = 840E4B332C208C6200B06B20 /* NRT_in_C5Tests.swift */; };
		840E4B3E2C208C6200B06B20 /* NRT_in_C5UITests.swift in Sources */ = {isa = PBXBuildFile; fileRef = 840E4B3D2C208C6200B06B20 /* NRT_in_C5UITests.swift */; };
		840E4B402C208C6200B06B20 /* NRT_in_C5UITestsLaunchTests.swift in Sources */ = {isa = PBXBuildFile; fileRef = 840E4B3F2C208C6200B06B20 /* NRT_in_C5UITestsLaunchTests.swift */; };
		840E4B4D2C20A20500B06B20 /* MainView.swift in Sources */ = {isa = PBXBuildFile; fileRef = 840E4B4C2C20A20500B06B20 /* MainView.swift */; };
		840E4B502C21A16100B06B20 /* ToiletSheet.swift in Sources */ = {isa = PBXBuildFile; fileRef = 840E4B4F2C21A16100B06B20 /* ToiletSheet.swift */; };
		840E4B522C21B59B00B06B20 /* WashbasinSheet.swift in Sources */ = {isa = PBXBuildFile; fileRef = 840E4B512C21B59B00B06B20 /* WashbasinSheet.swift */; };
		840E4B5A2C22EA2000B06B20 /* InAppToiletSheet.swift in Sources */ = {isa = PBXBuildFile; fileRef = 840E4B592C22EA2000B06B20 /* InAppToiletSheet.swift */; };
		840E4B5C2C22EB8F00B06B20 /* NFCReadAndWrite.swift in Sources */ = {isa = PBXBuildFile; fileRef = 840E4B5B2C22EB8F00B06B20 /* NFCReadAndWrite.swift */; };
		840E4B5E2C22F41400B06B20 /* NFCWrite.swift in Sources */ = {isa = PBXBuildFile; fileRef = 840E4B5D2C22F41400B06B20 /* NFCWrite.swift */; };
		840E4B602C22F67800B06B20 /* SendReportButton.swift in Sources */ = {isa = PBXBuildFile; fileRef = 840E4B5F2C22F67800B06B20 /* SendReportButton.swift */; };
		840E4B652C232E6B00B06B20 /* Enums.swift in Sources */ = {isa = PBXBuildFile; fileRef = 840E4B642C232E6B00B06B20 /* Enums.swift */; };
		840E4B692C234B9500B06B20 /* InAppWashbasinSheet.swift in Sources */ = {isa = PBXBuildFile; fileRef = 840E4B682C234B9500B06B20 /* InAppWashbasinSheet.swift */; };
		840E4B6B2C2355CE00B06B20 /* InAppSOSSheet.swift in Sources */ = {isa = PBXBuildFile; fileRef = 840E4B6A2C2355CE00B06B20 /* InAppSOSSheet.swift */; };
		840E4B6E2C23FCAA00B06B20 /* URL+Extensions.swift in Sources */ = {isa = PBXBuildFile; fileRef = 840E4B6D2C23FCAA00B06B20 /* URL+Extensions.swift */; };
		840E4B702C23FCF900B06B20 /* Notification+Extensions.swift in Sources */ = {isa = PBXBuildFile; fileRef = 840E4B6F2C23FCF900B06B20 /* Notification+Extensions.swift */; };
		840E4B732C316B9700B06B20 /* URLHandler.swift in Sources */ = {isa = PBXBuildFile; fileRef = 840E4B722C316B9700B06B20 /* URLHandler.swift */; };
		840E4B752C316EE400B06B20 /* ReportData.swift in Sources */ = {isa = PBXBuildFile; fileRef = 840E4B742C316EE400B06B20 /* ReportData.swift */; };
/* End PBXBuildFile section */

/* Begin PBXContainerItemProxy section */
		840E4B302C208C6200B06B20 /* PBXContainerItemProxy */ = {
			isa = PBXContainerItemProxy;
			containerPortal = 840E4B152C208C6000B06B20 /* Project object */;
			proxyType = 1;
			remoteGlobalIDString = 840E4B1C2C208C6000B06B20;
			remoteInfo = ReporToilet;
		};
		840E4B3A2C208C6200B06B20 /* PBXContainerItemProxy */ = {
			isa = PBXContainerItemProxy;
			containerPortal = 840E4B152C208C6000B06B20 /* Project object */;
			proxyType = 1;
			remoteGlobalIDString = 840E4B1C2C208C6000B06B20;
			remoteInfo = ReporToilet;
		};
/* End PBXContainerItemProxy section */

/* Begin PBXFileReference section */
		840E4B1D2C208C6000B06B20 /* NRT in C5.app */ = {isa = PBXFileReference; explicitFileType = wrapper.application; includeInIndex = 0; path = "NRT in C5.app"; sourceTree = BUILT_PRODUCTS_DIR; };
		840E4B202C208C6000B06B20 /* NRT_in_C5App.swift */ = {isa = PBXFileReference; lastKnownFileType = sourcecode.swift; path = NRT_in_C5App.swift; sourceTree = "<group>"; };
		840E4B222C208C6000B06B20 /* ContentView.swift */ = {isa = PBXFileReference; lastKnownFileType = sourcecode.swift; path = ContentView.swift; sourceTree = "<group>"; };
		840E4B242C208C6000B06B20 /* Item.swift */ = {isa = PBXFileReference; lastKnownFileType = sourcecode.swift; path = Item.swift; sourceTree = "<group>"; };
		840E4B262C208C6200B06B20 /* Assets.xcassets */ = {isa = PBXFileReference; lastKnownFileType = folder.assetcatalog; path = Assets.xcassets; sourceTree = "<group>"; };
		840E4B292C208C6200B06B20 /* Preview Assets.xcassets */ = {isa = PBXFileReference; lastKnownFileType = folder.assetcatalog; path = "Preview Assets.xcassets"; sourceTree = "<group>"; };
		840E4B2F2C208C6200B06B20 /* NRT in C5Tests.xctest */ = {isa = PBXFileReference; explicitFileType = wrapper.cfbundle; includeInIndex = 0; path = "NRT in C5Tests.xctest"; sourceTree = BUILT_PRODUCTS_DIR; };
		840E4B332C208C6200B06B20 /* NRT_in_C5Tests.swift */ = {isa = PBXFileReference; lastKnownFileType = sourcecode.swift; path = NRT_in_C5Tests.swift; sourceTree = "<group>"; };
		840E4B392C208C6200B06B20 /* NRT in C5UITests.xctest */ = {isa = PBXFileReference; explicitFileType = wrapper.cfbundle; includeInIndex = 0; path = "NRT in C5UITests.xctest"; sourceTree = BUILT_PRODUCTS_DIR; };
		840E4B3D2C208C6200B06B20 /* NRT_in_C5UITests.swift */ = {isa = PBXFileReference; lastKnownFileType = sourcecode.swift; path = NRT_in_C5UITests.swift; sourceTree = "<group>"; };
		840E4B3F2C208C6200B06B20 /* NRT_in_C5UITestsLaunchTests.swift */ = {isa = PBXFileReference; lastKnownFileType = sourcecode.swift; path = NRT_in_C5UITestsLaunchTests.swift; sourceTree = "<group>"; };
		840E4B4C2C20A20500B06B20 /* MainView.swift */ = {isa = PBXFileReference; lastKnownFileType = sourcecode.swift; path = MainView.swift; sourceTree = "<group>"; };
		840E4B4F2C21A16100B06B20 /* ToiletSheet.swift */ = {isa = PBXFileReference; lastKnownFileType = sourcecode.swift; path = ToiletSheet.swift; sourceTree = "<group>"; };
		840E4B512C21B59B00B06B20 /* WashbasinSheet.swift */ = {isa = PBXFileReference; lastKnownFileType = sourcecode.swift; path = WashbasinSheet.swift; sourceTree = "<group>"; };
		840E4B532C21E61100B06B20 /* NRT-in-C5-Info.plist */ = {isa = PBXFileReference; lastKnownFileType = text.plist; path = "NRT-in-C5-Info.plist"; sourceTree = "<group>"; };
		840E4B542C21E9FE00B06B20 /* NRT in C5.entitlements */ = {isa = PBXFileReference; lastKnownFileType = text.plist.entitlements; path = "NRT in C5.entitlements"; sourceTree = "<group>"; };
		840E4B592C22EA2000B06B20 /* InAppToiletSheet.swift */ = {isa = PBXFileReference; lastKnownFileType = sourcecode.swift; path = InAppToiletSheet.swift; sourceTree = "<group>"; };
		840E4B5B2C22EB8F00B06B20 /* NFCReadAndWrite.swift */ = {isa = PBXFileReference; lastKnownFileType = sourcecode.swift; path = NFCReadAndWrite.swift; sourceTree = "<group>"; };
		840E4B5D2C22F41400B06B20 /* NFCWrite.swift */ = {isa = PBXFileReference; lastKnownFileType = sourcecode.swift; path = NFCWrite.swift; sourceTree = "<group>"; };
		840E4B5F2C22F67800B06B20 /* SendReportButton.swift */ = {isa = PBXFileReference; lastKnownFileType = sourcecode.swift; path = SendReportButton.swift; sourceTree = "<group>"; };
		840E4B642C232E6B00B06B20 /* Enums.swift */ = {isa = PBXFileReference; lastKnownFileType = sourcecode.swift; path = Enums.swift; sourceTree = "<group>"; };
		840E4B682C234B9500B06B20 /* InAppWashbasinSheet.swift */ = {isa = PBXFileReference; lastKnownFileType = sourcecode.swift; path = InAppWashbasinSheet.swift; sourceTree = "<group>"; };
		840E4B6A2C2355CE00B06B20 /* InAppSOSSheet.swift */ = {isa = PBXFileReference; lastKnownFileType = sourcecode.swift; path = InAppSOSSheet.swift; sourceTree = "<group>"; };
		840E4B6D2C23FCAA00B06B20 /* URL+Extensions.swift */ = {isa = PBXFileReference; lastKnownFileType = sourcecode.swift; path = "URL+Extensions.swift"; sourceTree = "<group>"; };
		840E4B6F2C23FCF900B06B20 /* Notification+Extensions.swift */ = {isa = PBXFileReference; lastKnownFileType = sourcecode.swift; path = "Notification+Extensions.swift"; sourceTree = "<group>"; };
		840E4B722C316B9700B06B20 /* URLHandler.swift */ = {isa = PBXFileReference; lastKnownFileType = sourcecode.swift; path = URLHandler.swift; sourceTree = "<group>"; };
		840E4B742C316EE400B06B20 /* ReportData.swift */ = {isa = PBXFileReference; lastKnownFileType = sourcecode.swift; path = ReportData.swift; sourceTree = "<group>"; };
/* End PBXFileReference section */

/* Begin PBXFrameworksBuildPhase section */
		840E4B1A2C208C6000B06B20 /* Frameworks */ = {
			isa = PBXFrameworksBuildPhase;
			buildActionMask = 2147483647;
			files = (
			);
			runOnlyForDeploymentPostprocessing = 0;
		};
		840E4B2C2C208C6200B06B20 /* Frameworks */ = {
			isa = PBXFrameworksBuildPhase;
			buildActionMask = 2147483647;
			files = (
			);
			runOnlyForDeploymentPostprocessing = 0;
		};
		840E4B362C208C6200B06B20 /* Frameworks */ = {
			isa = PBXFrameworksBuildPhase;
			buildActionMask = 2147483647;
			files = (
			);
			runOnlyForDeploymentPostprocessing = 0;
		};
/* End PBXFrameworksBuildPhase section */

/* Begin PBXGroup section */
		840E4B142C208C6000B06B20 = {
			isa = PBXGroup;
			children = (
				840E4B542C21E9FE00B06B20 /* NRT in C5.entitlements */,
				840E4B532C21E61100B06B20 /* NRT-in-C5-Info.plist */,
				840E4B1F2C208C6000B06B20 /* NRT_in_C5 */,
				840E4B322C208C6200B06B20 /* NRT_in_C5Tests */,
				840E4B3C2C208C6200B06B20 /* NRT_in_C5UITests */,
				840E4B1E2C208C6000B06B20 /* Products */,
			);
			sourceTree = "<group>";
		};
		840E4B1E2C208C6000B06B20 /* Products */ = {
			isa = PBXGroup;
			children = (
				840E4B1D2C208C6000B06B20 /* NRT in C5.app */,
				840E4B2F2C208C6200B06B20 /* NRT in C5Tests.xctest */,
				840E4B392C208C6200B06B20 /* NRT in C5UITests.xctest */,
			);
			name = Products;
			sourceTree = "<group>";
		};
		840E4B1F2C208C6000B06B20 /* NRT_in_C5 */ = {
			isa = PBXGroup;
			children = (
				840E4B202C208C6000B06B20 /* NRT_in_C5App.swift */,
				840E4B222C208C6000B06B20 /* ContentView.swift */,
				840E4B242C208C6000B06B20 /* Item.swift */,
				840E4B712C316B4F00B06B20 /* Data */,
				840E4B6C2C23FC8100B06B20 /* Extensions */,
				840E4B632C232E5800B06B20 /* Enums */,
				840E4B622C2309BA00B06B20 /* NFC */,
				840E4B612C23099600B06B20 /* Component */,
				840E4B4E2C2155A800B06B20 /* View */,
				840E4B262C208C6200B06B20 /* Assets.xcassets */,
				840E4B282C208C6200B06B20 /* Preview Content */,
			);
			path = NRT_in_C5;
			sourceTree = "<group>";
		};
		840E4B282C208C6200B06B20 /* Preview Content */ = {
			isa = PBXGroup;
			children = (
				840E4B292C208C6200B06B20 /* Preview Assets.xcassets */,
			);
			path = "Preview Content";
			sourceTree = "<group>";
		};
		840E4B322C208C6200B06B20 /* NRT_in_C5Tests */ = {
			isa = PBXGroup;
			children = (
				840E4B332C208C6200B06B20 /* NRT_in_C5Tests.swift */,
			);
			path = NRT_in_C5Tests;
			sourceTree = "<group>";
		};
		840E4B3C2C208C6200B06B20 /* NRT_in_C5UITests */ = {
			isa = PBXGroup;
			children = (
				840E4B3D2C208C6200B06B20 /* NRT_in_C5UITests.swift */,
				840E4B3F2C208C6200B06B20 /* NRT_in_C5UITestsLaunchTests.swift */,
			);
			path = NRT_in_C5UITests;
			sourceTree = "<group>";
		};
		840E4B4E2C2155A800B06B20 /* View */ = {
			isa = PBXGroup;
			children = (
				840E4B4C2C20A20500B06B20 /* MainView.swift */,
				840E4B582C22E9E000B06B20 /* InAppSheet */,
				840E4B572C22E9C400B06B20 /* NFCSheet */,
			);
			path = View;
			sourceTree = "<group>";
		};
		840E4B572C22E9C400B06B20 /* NFCSheet */ = {
			isa = PBXGroup;
			children = (
				840E4B4F2C21A16100B06B20 /* ToiletSheet.swift */,
				840E4B512C21B59B00B06B20 /* WashbasinSheet.swift */,
			);
			path = NFCSheet;
			sourceTree = "<group>";
		};
		840E4B582C22E9E000B06B20 /* InAppSheet */ = {
			isa = PBXGroup;
			children = (
				840E4B592C22EA2000B06B20 /* InAppToiletSheet.swift */,
				840E4B682C234B9500B06B20 /* InAppWashbasinSheet.swift */,
				840E4B6A2C2355CE00B06B20 /* InAppSOSSheet.swift */,
			);
			path = InAppSheet;
			sourceTree = "<group>";
		};
		840E4B612C23099600B06B20 /* Component */ = {
			isa = PBXGroup;
			children = (
				840E4B5F2C22F67800B06B20 /* SendReportButton.swift */,
			);
			path = Component;
			sourceTree = "<group>";
		};
		840E4B622C2309BA00B06B20 /* NFC */ = {
			isa = PBXGroup;
			children = (
				840E4B5B2C22EB8F00B06B20 /* NFCReadAndWrite.swift */,
				840E4B5D2C22F41400B06B20 /* NFCWrite.swift */,
			);
			path = NFC;
			sourceTree = "<group>";
		};
		840E4B632C232E5800B06B20 /* Enums */ = {
			isa = PBXGroup;
			children = (
				840E4B642C232E6B00B06B20 /* Enums.swift */,
			);
			path = Enums;
			sourceTree = "<group>";
		};
		840E4B6C2C23FC8100B06B20 /* Extensions */ = {
			isa = PBXGroup;
			children = (
				840E4B6D2C23FCAA00B06B20 /* URL+Extensions.swift */,
				840E4B6F2C23FCF900B06B20 /* Notification+Extensions.swift */,
			);
			path = Extensions;
			sourceTree = "<group>";
		};
		840E4B712C316B4F00B06B20 /* Data */ = {
			isa = PBXGroup;
			children = (
				840E4B722C316B9700B06B20 /* URLHandler.swift */,
				840E4B742C316EE400B06B20 /* ReportData.swift */,
			);
			path = Data;
			sourceTree = "<group>";
		};
/* End PBXGroup section */

/* Begin PBXNativeTarget section */
		840E4B1C2C208C6000B06B20 /* NRT in C5 */ = {
			isa = PBXNativeTarget;
			buildConfigurationList = 840E4B432C208C6200B06B20 /* Build configuration list for PBXNativeTarget "NRT in C5" */;
			buildPhases = (
				840E4B192C208C6000B06B20 /* Sources */,
				840E4B1A2C208C6000B06B20 /* Frameworks */,
				840E4B1B2C208C6000B06B20 /* Resources */,
			);
			buildRules = (
			);
			dependencies = (
			);
			name = "NRT in C5";
			productName = ReporToilet;
			productReference = 840E4B1D2C208C6000B06B20 /* NRT in C5.app */;
			productType = "com.apple.product-type.application";
		};
		840E4B2E2C208C6200B06B20 /* NRT in C5Tests */ = {
			isa = PBXNativeTarget;
			buildConfigurationList = 840E4B462C208C6200B06B20 /* Build configuration list for PBXNativeTarget "NRT in C5Tests" */;
			buildPhases = (
				840E4B2B2C208C6200B06B20 /* Sources */,
				840E4B2C2C208C6200B06B20 /* Frameworks */,
				840E4B2D2C208C6200B06B20 /* Resources */,
			);
			buildRules = (
			);
			dependencies = (
				840E4B312C208C6200B06B20 /* PBXTargetDependency */,
			);
			name = "NRT in C5Tests";
			productName = ReporToiletTests;
			productReference = 840E4B2F2C208C6200B06B20 /* NRT in C5Tests.xctest */;
			productType = "com.apple.product-type.bundle.unit-test";
		};
		840E4B382C208C6200B06B20 /* NRT in C5UITests */ = {
			isa = PBXNativeTarget;
			buildConfigurationList = 840E4B492C208C6200B06B20 /* Build configuration list for PBXNativeTarget "NRT in C5UITests" */;
			buildPhases = (
				840E4B352C208C6200B06B20 /* Sources */,
				840E4B362C208C6200B06B20 /* Frameworks */,
				840E4B372C208C6200B06B20 /* Resources */,
			);
			buildRules = (
			);
			dependencies = (
				840E4B3B2C208C6200B06B20 /* PBXTargetDependency */,
			);
			name = "NRT in C5UITests";
			productName = ReporToiletUITests;
			productReference = 840E4B392C208C6200B06B20 /* NRT in C5UITests.xctest */;
			productType = "com.apple.product-type.bundle.ui-testing";
		};
/* End PBXNativeTarget section */

/* Begin PBXProject section */
		840E4B152C208C6000B06B20 /* Project object */ = {
			isa = PBXProject;
			attributes = {
				BuildIndependentTargetsInParallel = 1;
				LastSwiftUpdateCheck = 1530;
				LastUpgradeCheck = 1530;
				TargetAttributes = {
					840E4B1C2C208C6000B06B20 = {
						CreatedOnToolsVersion = 15.3;
					};
					840E4B2E2C208C6200B06B20 = {
						CreatedOnToolsVersion = 15.3;
						TestTargetID = 840E4B1C2C208C6000B06B20;
					};
					840E4B382C208C6200B06B20 = {
						CreatedOnToolsVersion = 15.3;
						TestTargetID = 840E4B1C2C208C6000B06B20;
					};
				};
			};
			buildConfigurationList = 840E4B182C208C6000B06B20 /* Build configuration list for PBXProject "NRT in C5" */;
			compatibilityVersion = "Xcode 14.0";
			developmentRegion = en;
			hasScannedForEncodings = 0;
			knownRegions = (
				en,
				Base,
			);
			mainGroup = 840E4B142C208C6000B06B20;
			productRefGroup = 840E4B1E2C208C6000B06B20 /* Products */;
			projectDirPath = "";
			projectRoot = "";
			targets = (
				840E4B1C2C208C6000B06B20 /* NRT in C5 */,
				840E4B2E2C208C6200B06B20 /* NRT in C5Tests */,
				840E4B382C208C6200B06B20 /* NRT in C5UITests */,
			);
		};
/* End PBXProject section */

/* Begin PBXResourcesBuildPhase section */
		840E4B1B2C208C6000B06B20 /* Resources */ = {
			isa = PBXResourcesBuildPhase;
			buildActionMask = 2147483647;
			files = (
				840E4B2A2C208C6200B06B20 /* Preview Assets.xcassets in Resources */,
				840E4B272C208C6200B06B20 /* Assets.xcassets in Resources */,
			);
			runOnlyForDeploymentPostprocessing = 0;
		};
		840E4B2D2C208C6200B06B20 /* Resources */ = {
			isa = PBXResourcesBuildPhase;
			buildActionMask = 2147483647;
			files = (
			);
			runOnlyForDeploymentPostprocessing = 0;
		};
		840E4B372C208C6200B06B20 /* Resources */ = {
			isa = PBXResourcesBuildPhase;
			buildActionMask = 2147483647;
			files = (
			);
			runOnlyForDeploymentPostprocessing = 0;
		};
/* End PBXResourcesBuildPhase section */

/* Begin PBXSourcesBuildPhase section */
		840E4B192C208C6000B06B20 /* Sources */ = {
			isa = PBXSourcesBuildPhase;
			buildActionMask = 2147483647;
			files = (
				840E4B5E2C22F41400B06B20 /* NFCWrite.swift in Sources */,
				840E4B702C23FCF900B06B20 /* Notification+Extensions.swift in Sources */,
				840E4B602C22F67800B06B20 /* SendReportButton.swift in Sources */,
				840E4B522C21B59B00B06B20 /* WashbasinSheet.swift in Sources */,
				840E4B232C208C6000B06B20 /* ContentView.swift in Sources */,
				840E4B4D2C20A20500B06B20 /* MainView.swift in Sources */,
				840E4B6E2C23FCAA00B06B20 /* URL+Extensions.swift in Sources */,
				840E4B692C234B9500B06B20 /* InAppWashbasinSheet.swift in Sources */,
				840E4B752C316EE400B06B20 /* ReportData.swift in Sources */,
				840E4B6B2C2355CE00B06B20 /* InAppSOSSheet.swift in Sources */,
				840E4B252C208C6000B06B20 /* Item.swift in Sources */,
				840E4B5C2C22EB8F00B06B20 /* NFCReadAndWrite.swift in Sources */,
				840E4B212C208C6000B06B20 /* NRT_in_C5App.swift in Sources */,
				840E4B732C316B9700B06B20 /* URLHandler.swift in Sources */,
				840E4B502C21A16100B06B20 /* ToiletSheet.swift in Sources */,
				840E4B5A2C22EA2000B06B20 /* InAppToiletSheet.swift in Sources */,
				840E4B652C232E6B00B06B20 /* Enums.swift in Sources */,
			);
			runOnlyForDeploymentPostprocessing = 0;
		};
		840E4B2B2C208C6200B06B20 /* Sources */ = {
			isa = PBXSourcesBuildPhase;
			buildActionMask = 2147483647;
			files = (
				840E4B342C208C6200B06B20 /* NRT_in_C5Tests.swift in Sources */,
			);
			runOnlyForDeploymentPostprocessing = 0;
		};
		840E4B352C208C6200B06B20 /* Sources */ = {
			isa = PBXSourcesBuildPhase;
			buildActionMask = 2147483647;
			files = (
				840E4B402C208C6200B06B20 /* NRT_in_C5UITestsLaunchTests.swift in Sources */,
				840E4B3E2C208C6200B06B20 /* NRT_in_C5UITests.swift in Sources */,
			);
			runOnlyForDeploymentPostprocessing = 0;
		};
/* End PBXSourcesBuildPhase section */

/* Begin PBXTargetDependency section */
		840E4B312C208C6200B06B20 /* PBXTargetDependency */ = {
			isa = PBXTargetDependency;
			target = 840E4B1C2C208C6000B06B20 /* NRT in C5 */;
			targetProxy = 840E4B302C208C6200B06B20 /* PBXContainerItemProxy */;
		};
		840E4B3B2C208C6200B06B20 /* PBXTargetDependency */ = {
			isa = PBXTargetDependency;
			target = 840E4B1C2C208C6000B06B20 /* NRT in C5 */;
			targetProxy = 840E4B3A2C208C6200B06B20 /* PBXContainerItemProxy */;
		};
/* End PBXTargetDependency section */

/* Begin XCBuildConfiguration section */
		840E4B412C208C6200B06B20 /* Debug */ = {
			isa = XCBuildConfiguration;
			buildSettings = {
				ALWAYS_SEARCH_USER_PATHS = NO;
				ASSETCATALOG_COMPILER_GENERATE_SWIFT_ASSET_SYMBOL_EXTENSIONS = YES;
				CLANG_ANALYZER_NONNULL = YES;
				CLANG_ANALYZER_NUMBER_OBJECT_CONVERSION = YES_AGGRESSIVE;
				CLANG_CXX_LANGUAGE_STANDARD = "gnu++20";
				CLANG_ENABLE_MODULES = YES;
				CLANG_ENABLE_OBJC_ARC = YES;
				CLANG_ENABLE_OBJC_WEAK = YES;
				CLANG_WARN_BLOCK_CAPTURE_AUTORELEASING = YES;
				CLANG_WARN_BOOL_CONVERSION = YES;
				CLANG_WARN_COMMA = YES;
				CLANG_WARN_CONSTANT_CONVERSION = YES;
				CLANG_WARN_DEPRECATED_OBJC_IMPLEMENTATIONS = YES;
				CLANG_WARN_DIRECT_OBJC_ISA_USAGE = YES_ERROR;
				CLANG_WARN_DOCUMENTATION_COMMENTS = YES;
				CLANG_WARN_EMPTY_BODY = YES;
				CLANG_WARN_ENUM_CONVERSION = YES;
				CLANG_WARN_INFINITE_RECURSION = YES;
				CLANG_WARN_INT_CONVERSION = YES;
				CLANG_WARN_NON_LITERAL_NULL_CONVERSION = YES;
				CLANG_WARN_OBJC_IMPLICIT_RETAIN_SELF = YES;
				CLANG_WARN_OBJC_LITERAL_CONVERSION = YES;
				CLANG_WARN_OBJC_ROOT_CLASS = YES_ERROR;
				CLANG_WARN_QUOTED_INCLUDE_IN_FRAMEWORK_HEADER = YES;
				CLANG_WARN_RANGE_LOOP_ANALYSIS = YES;
				CLANG_WARN_STRICT_PROTOTYPES = YES;
				CLANG_WARN_SUSPICIOUS_MOVE = YES;
				CLANG_WARN_UNGUARDED_AVAILABILITY = YES_AGGRESSIVE;
				CLANG_WARN_UNREACHABLE_CODE = YES;
				CLANG_WARN__DUPLICATE_METHOD_MATCH = YES;
				COPY_PHASE_STRIP = NO;
				DEBUG_INFORMATION_FORMAT = dwarf;
				ENABLE_STRICT_OBJC_MSGSEND = YES;
				ENABLE_TESTABILITY = YES;
				ENABLE_USER_SCRIPT_SANDBOXING = YES;
				GCC_C_LANGUAGE_STANDARD = gnu17;
				GCC_DYNAMIC_NO_PIC = NO;
				GCC_NO_COMMON_BLOCKS = YES;
				GCC_OPTIMIZATION_LEVEL = 0;
				GCC_PREPROCESSOR_DEFINITIONS = (
					"DEBUG=1",
					"$(inherited)",
				);
				GCC_WARN_64_TO_32_BIT_CONVERSION = YES;
				GCC_WARN_ABOUT_RETURN_TYPE = YES_ERROR;
				GCC_WARN_UNDECLARED_SELECTOR = YES;
				GCC_WARN_UNINITIALIZED_AUTOS = YES_AGGRESSIVE;
				GCC_WARN_UNUSED_FUNCTION = YES;
				GCC_WARN_UNUSED_VARIABLE = YES;
				IPHONEOS_DEPLOYMENT_TARGET = 17.4;
				LOCALIZATION_PREFERS_STRING_CATALOGS = YES;
				MTL_ENABLE_DEBUG_INFO = INCLUDE_SOURCE;
				MTL_FAST_MATH = YES;
				ONLY_ACTIVE_ARCH = YES;
				SDKROOT = iphoneos;
				SWIFT_ACTIVE_COMPILATION_CONDITIONS = "DEBUG $(inherited)";
				SWIFT_OPTIMIZATION_LEVEL = "-Onone";
			};
			name = Debug;
		};
		840E4B422C208C6200B06B20 /* Release */ = {
			isa = XCBuildConfiguration;
			buildSettings = {
				ALWAYS_SEARCH_USER_PATHS = NO;
				ASSETCATALOG_COMPILER_GENERATE_SWIFT_ASSET_SYMBOL_EXTENSIONS = YES;
				CLANG_ANALYZER_NONNULL = YES;
				CLANG_ANALYZER_NUMBER_OBJECT_CONVERSION = YES_AGGRESSIVE;
				CLANG_CXX_LANGUAGE_STANDARD = "gnu++20";
				CLANG_ENABLE_MODULES = YES;
				CLANG_ENABLE_OBJC_ARC = YES;
				CLANG_ENABLE_OBJC_WEAK = YES;
				CLANG_WARN_BLOCK_CAPTURE_AUTORELEASING = YES;
				CLANG_WARN_BOOL_CONVERSION = YES;
				CLANG_WARN_COMMA = YES;
				CLANG_WARN_CONSTANT_CONVERSION = YES;
				CLANG_WARN_DEPRECATED_OBJC_IMPLEMENTATIONS = YES;
				CLANG_WARN_DIRECT_OBJC_ISA_USAGE = YES_ERROR;
				CLANG_WARN_DOCUMENTATION_COMMENTS = YES;
				CLANG_WARN_EMPTY_BODY = YES;
				CLANG_WARN_ENUM_CONVERSION = YES;
				CLANG_WARN_INFINITE_RECURSION = YES;
				CLANG_WARN_INT_CONVERSION = YES;
				CLANG_WARN_NON_LITERAL_NULL_CONVERSION = YES;
				CLANG_WARN_OBJC_IMPLICIT_RETAIN_SELF = YES;
				CLANG_WARN_OBJC_LITERAL_CONVERSION = YES;
				CLANG_WARN_OBJC_ROOT_CLASS = YES_ERROR;
				CLANG_WARN_QUOTED_INCLUDE_IN_FRAMEWORK_HEADER = YES;
				CLANG_WARN_RANGE_LOOP_ANALYSIS = YES;
				CLANG_WARN_STRICT_PROTOTYPES = YES;
				CLANG_WARN_SUSPICIOUS_MOVE = YES;
				CLANG_WARN_UNGUARDED_AVAILABILITY = YES_AGGRESSIVE;
				CLANG_WARN_UNREACHABLE_CODE = YES;
				CLANG_WARN__DUPLICATE_METHOD_MATCH = YES;
				COPY_PHASE_STRIP = NO;
				DEBUG_INFORMATION_FORMAT = "dwarf-with-dsym";
				ENABLE_NS_ASSERTIONS = NO;
				ENABLE_STRICT_OBJC_MSGSEND = YES;
				ENABLE_USER_SCRIPT_SANDBOXING = YES;
				GCC_C_LANGUAGE_STANDARD = gnu17;
				GCC_NO_COMMON_BLOCKS = YES;
				GCC_WARN_64_TO_32_BIT_CONVERSION = YES;
				GCC_WARN_ABOUT_RETURN_TYPE = YES_ERROR;
				GCC_WARN_UNDECLARED_SELECTOR = YES;
				GCC_WARN_UNINITIALIZED_AUTOS = YES_AGGRESSIVE;
				GCC_WARN_UNUSED_FUNCTION = YES;
				GCC_WARN_UNUSED_VARIABLE = YES;
				IPHONEOS_DEPLOYMENT_TARGET = 17.4;
				LOCALIZATION_PREFERS_STRING_CATALOGS = YES;
				MTL_ENABLE_DEBUG_INFO = NO;
				MTL_FAST_MATH = YES;
				SDKROOT = iphoneos;
				SWIFT_COMPILATION_MODE = wholemodule;
				VALIDATE_PRODUCT = YES;
			};
			name = Release;
		};
		840E4B442C208C6200B06B20 /* Debug */ = {
			isa = XCBuildConfiguration;
			buildSettings = {
				ASSETCATALOG_COMPILER_APPICON_NAME = AppIcon;
				ASSETCATALOG_COMPILER_GLOBAL_ACCENT_COLOR_NAME = AccentColor;
				CODE_SIGN_ENTITLEMENTS = "NRT in C5.entitlements";
				CODE_SIGN_STYLE = Automatic;
				CURRENT_PROJECT_VERSION = 1;
				DEVELOPMENT_ASSET_PATHS = "\"NRT_in_C5/Preview Content\"";
				DEVELOPMENT_TEAM = MCADUG6F79;
				ENABLE_PREVIEWS = YES;
				GENERATE_INFOPLIST_FILE = YES;
				INFOPLIST_FILE = "NRT-in-C5-Info.plist";
				INFOPLIST_KEY_NFCReaderUsageDescription = "For Scanning Tag";
				INFOPLIST_KEY_UIApplicationSceneManifest_Generation = YES;
				INFOPLIST_KEY_UIApplicationSupportsIndirectInputEvents = YES;
				INFOPLIST_KEY_UILaunchScreen_Generation = YES;
				INFOPLIST_KEY_UISupportedInterfaceOrientations_iPad = "UIInterfaceOrientationPortrait UIInterfaceOrientationPortraitUpsideDown UIInterfaceOrientationLandscapeLeft UIInterfaceOrientationLandscapeRight";
				INFOPLIST_KEY_UISupportedInterfaceOrientations_iPhone = "UIInterfaceOrientationPortrait UIInterfaceOrientationLandscapeLeft UIInterfaceOrientationLandscapeRight";
				LD_RUNPATH_SEARCH_PATHS = (
					"$(inherited)",
					"@executable_path/Frameworks",
				);
				MARKETING_VERSION = 1.0;
				PRODUCT_BUNDLE_IDENTIFIER = kr.ADA.MC2.NRT.in.C5;
				PRODUCT_NAME = "$(TARGET_NAME)";
				SWIFT_EMIT_LOC_STRINGS = YES;
				SWIFT_VERSION = 5.0;
				TARGETED_DEVICE_FAMILY = "1,2";
			};
			name = Debug;
		};
		840E4B452C208C6200B06B20 /* Release */ = {
			isa = XCBuildConfiguration;
			buildSettings = {
				ASSETCATALOG_COMPILER_APPICON_NAME = AppIcon;
				ASSETCATALOG_COMPILER_GLOBAL_ACCENT_COLOR_NAME = AccentColor;
				CODE_SIGN_ENTITLEMENTS = "NRT in C5.entitlements";
				CODE_SIGN_STYLE = Automatic;
				CURRENT_PROJECT_VERSION = 1;
				DEVELOPMENT_ASSET_PATHS = "\"NRT_in_C5/Preview Content\"";
				DEVELOPMENT_TEAM = MCADUG6F79;
				ENABLE_PREVIEWS = YES;
				GENERATE_INFOPLIST_FILE = YES;
				INFOPLIST_FILE = "NRT-in-C5-Info.plist";
				INFOPLIST_KEY_NFCReaderUsageDescription = "For Scanning Tag";
				INFOPLIST_KEY_UIApplicationSceneManifest_Generation = YES;
				INFOPLIST_KEY_UIApplicationSupportsIndirectInputEvents = YES;
				INFOPLIST_KEY_UILaunchScreen_Generation = YES;
				INFOPLIST_KEY_UISupportedInterfaceOrientations_iPad = "UIInterfaceOrientationPortrait UIInterfaceOrientationPortraitUpsideDown UIInterfaceOrientationLandscapeLeft UIInterfaceOrientationLandscapeRight";
				INFOPLIST_KEY_UISupportedInterfaceOrientations_iPhone = "UIInterfaceOrientationPortrait UIInterfaceOrientationLandscapeLeft UIInterfaceOrientationLandscapeRight";
				LD_RUNPATH_SEARCH_PATHS = (
					"$(inherited)",
					"@executable_path/Frameworks",
				);
				MARKETING_VERSION = 1.0;
				PRODUCT_BUNDLE_IDENTIFIER = kr.ADA.MC2.NRT.in.C5;
				PRODUCT_NAME = "$(TARGET_NAME)";
				SWIFT_EMIT_LOC_STRINGS = YES;
				SWIFT_VERSION = 5.0;
				TARGETED_DEVICE_FAMILY = "1,2";
			};
			name = Release;
		};
		840E4B472C208C6200B06B20 /* Debug */ = {
			isa = XCBuildConfiguration;
			buildSettings = {
				ALWAYS_EMBED_SWIFT_STANDARD_LIBRARIES = YES;
				BUNDLE_LOADER = "$(TEST_HOST)";
				CODE_SIGN_STYLE = Automatic;
				CURRENT_PROJECT_VERSION = 1;
				DEVELOPMENT_TEAM = MCADUG6F79;
				GENERATE_INFOPLIST_FILE = YES;
				IPHONEOS_DEPLOYMENT_TARGET = 17.4;
				MARKETING_VERSION = 1.0;
				PRODUCT_BUNDLE_IDENTIFIER = kr.ADA.MC2.ReporToiletTests;
				PRODUCT_NAME = "$(TARGET_NAME)";
				SWIFT_EMIT_LOC_STRINGS = NO;
				SWIFT_VERSION = 5.0;
				TARGETED_DEVICE_FAMILY = "1,2";
				TEST_HOST = "$(BUILT_PRODUCTS_DIR)/NRT in C5.app/$(BUNDLE_EXECUTABLE_FOLDER_PATH)/NRT in C5";
			};
			name = Debug;
		};
		840E4B482C208C6200B06B20 /* Release */ = {
			isa = XCBuildConfiguration;
			buildSettings = {
				ALWAYS_EMBED_SWIFT_STANDARD_LIBRARIES = YES;
				BUNDLE_LOADER = "$(TEST_HOST)";
				CODE_SIGN_STYLE = Automatic;
				CURRENT_PROJECT_VERSION = 1;
				DEVELOPMENT_TEAM = MCADUG6F79;
				GENERATE_INFOPLIST_FILE = YES;
				IPHONEOS_DEPLOYMENT_TARGET = 17.4;
				MARKETING_VERSION = 1.0;
				PRODUCT_BUNDLE_IDENTIFIER = kr.ADA.MC2.ReporToiletTests;
				PRODUCT_NAME = "$(TARGET_NAME)";
				SWIFT_EMIT_LOC_STRINGS = NO;
				SWIFT_VERSION = 5.0;
				TARGETED_DEVICE_FAMILY = "1,2";
				TEST_HOST = "$(BUILT_PRODUCTS_DIR)/NRT in C5.app/$(BUNDLE_EXECUTABLE_FOLDER_PATH)/NRT in C5";
			};
			name = Release;
		};
		840E4B4A2C208C6200B06B20 /* Debug */ = {
			isa = XCBuildConfiguration;
			buildSettings = {
				ALWAYS_EMBED_SWIFT_STANDARD_LIBRARIES = YES;
				CODE_SIGN_STYLE = Automatic;
				CURRENT_PROJECT_VERSION = 1;
				DEVELOPMENT_TEAM = MCADUG6F79;
				GENERATE_INFOPLIST_FILE = YES;
				MARKETING_VERSION = 1.0;
				PRODUCT_BUNDLE_IDENTIFIER = kr.ADA.MC2.ReporToiletUITests;
				PRODUCT_NAME = "$(TARGET_NAME)";
				SWIFT_EMIT_LOC_STRINGS = NO;
				SWIFT_VERSION = 5.0;
				TARGETED_DEVICE_FAMILY = "1,2";
				TEST_TARGET_NAME = ReporToilet;
			};
			name = Debug;
		};
		840E4B4B2C208C6200B06B20 /* Release */ = {
			isa = XCBuildConfiguration;
			buildSettings = {
				ALWAYS_EMBED_SWIFT_STANDARD_LIBRARIES = YES;
				CODE_SIGN_STYLE = Automatic;
				CURRENT_PROJECT_VERSION = 1;
				DEVELOPMENT_TEAM = MCADUG6F79;
				GENERATE_INFOPLIST_FILE = YES;
				MARKETING_VERSION = 1.0;
				PRODUCT_BUNDLE_IDENTIFIER = kr.ADA.MC2.ReporToiletUITests;
				PRODUCT_NAME = "$(TARGET_NAME)";
				SWIFT_EMIT_LOC_STRINGS = NO;
				SWIFT_VERSION = 5.0;
				TARGETED_DEVICE_FAMILY = "1,2";
				TEST_TARGET_NAME = ReporToilet;
			};
			name = Release;
		};
/* End XCBuildConfiguration section */

/* Begin XCConfigurationList section */
		840E4B182C208C6000B06B20 /* Build configuration list for PBXProject "NRT in C5" */ = {
			isa = XCConfigurationList;
			buildConfigurations = (
				840E4B412C208C6200B06B20 /* Debug */,
				840E4B422C208C6200B06B20 /* Release */,
			);
			defaultConfigurationIsVisible = 0;
			defaultConfigurationName = Release;
		};
		840E4B432C208C6200B06B20 /* Build configuration list for PBXNativeTarget "NRT in C5" */ = {
			isa = XCConfigurationList;
			buildConfigurations = (
				840E4B442C208C6200B06B20 /* Debug */,
				840E4B452C208C6200B06B20 /* Release */,
			);
			defaultConfigurationIsVisible = 0;
			defaultConfigurationName = Release;
		};
		840E4B462C208C6200B06B20 /* Build configuration list for PBXNativeTarget "NRT in C5Tests" */ = {
			isa = XCConfigurationList;
			buildConfigurations = (
				840E4B472C208C6200B06B20 /* Debug */,
				840E4B482C208C6200B06B20 /* Release */,
			);
			defaultConfigurationIsVisible = 0;
			defaultConfigurationName = Release;
		};
		840E4B492C208C6200B06B20 /* Build configuration list for PBXNativeTarget "NRT in C5UITests" */ = {
			isa = XCConfigurationList;
			buildConfigurations = (
				840E4B4A2C208C6200B06B20 /* Debug */,
				840E4B4B2C208C6200B06B20 /* Release */,
			);
			defaultConfigurationIsVisible = 0;
			defaultConfigurationName = Release;
		};
/* End XCConfigurationList section */
	};
	rootObject = 840E4B152C208C6000B06B20 /* Project object */;
}
